github.com/mattn/go-gtk v0.0.0-20191030024613-af2e013261f5 h1:GMB3MVJnxysGrSvjWGsgK8L3XGI3F4etQQq37Py6W5A=
github.com/mattn/go-gtk v0.0.0-20191030024613-af2e013261f5/go.mod h1:PwzwfeB5syFHXORC3MtPylVcjIoTDT/9cvkKpEndGVI=
github.com/mattn/go-pointer v0.0.0-20190911064623-a0a44394634f h1:QTRRO+ozoYgT3CQRIzNVYJRU3DB8HRnkZv6mr4ISmMA=
github.com/mattn/go-pointer v0.0.0-20190911064623-a0a44394634f/go.mod h1:2zXcozF6qYGgmsG+SeTZz3oAbFLdD3OWqnUbNvJZAlc=
